// !$*UTF8*$!
{
	archiveVersion = 1;
	classes = {
	};
	objectVersion = 50;
	objects = {

/* Begin PBXBuildFile section */
		E04A4222222A476C004BB29C /* RewardsVC.swift in Sources */ = {isa = PBXBuildFile; fileRef = E04A4221222A476C004BB29C /* RewardsVC.swift */; };
		E04A4224222A9EF8004BB29C /* gameVC.swift in Sources */ = {isa = PBXBuildFile; fileRef = E04A4223222A9EF8004BB29C /* gameVC.swift */; };
		E04A4226222AFC2B004BB29C /* diaryVC.swift in Sources */ = {isa = PBXBuildFile; fileRef = E04A4225222AFC2B004BB29C /* diaryVC.swift */; };
		E04A4229222B2CE4004BB29C /* communitiesVC.swift in Sources */ = {isa = PBXBuildFile; fileRef = E04A4228222B2CE4004BB29C /* communitiesVC.swift */; };
		E04A422B222B9412004BB29C /* LeaderboardVC.swift in Sources */ = {isa = PBXBuildFile; fileRef = E04A422A222B9412004BB29C /* LeaderboardVC.swift */; };
		E075D9F42227E74800243BB8 /* workoutSummaryVC.swift in Sources */ = {isa = PBXBuildFile; fileRef = E075D9F32227E74800243BB8 /* workoutSummaryVC.swift */; };
		E075D9F72228236400243BB8 /* MapKit.framework in Frameworks */ = {isa = PBXBuildFile; fileRef = E075D9F62228236400243BB8 /* MapKit.framework */; };
		E075D9F92228242B00243BB8 /* CoreLocation.framework in Frameworks */ = {isa = PBXBuildFile; fileRef = E075D9F82228242B00243BB8 /* CoreLocation.framework */; };
		E09B9BC12225E47300DCD99E /* AppDelegate.swift in Sources */ = {isa = PBXBuildFile; fileRef = E09B9BC02225E47300DCD99E /* AppDelegate.swift */; };
		E09B9BC32225E47300DCD99E /* ViewController.swift in Sources */ = {isa = PBXBuildFile; fileRef = E09B9BC22225E47300DCD99E /* ViewController.swift */; };
		E09B9BC62225E47300DCD99E /* Main.storyboard in Resources */ = {isa = PBXBuildFile; fileRef = E09B9BC42225E47300DCD99E /* Main.storyboard */; };
		E09B9BC92225E47300DCD99E /* livFit.xcdatamodeld in Sources */ = {isa = PBXBuildFile; fileRef = E09B9BC72225E47300DCD99E /* livFit.xcdatamodeld */; };
		E09B9BCB2225E47400DCD99E /* Assets.xcassets in Resources */ = {isa = PBXBuildFile; fileRef = E09B9BCA2225E47400DCD99E /* Assets.xcassets */; };
		E09B9BCE2225E47400DCD99E /* LaunchScreen.storyboard in Resources */ = {isa = PBXBuildFile; fileRef = E09B9BCC2225E47400DCD99E /* LaunchScreen.storyboard */; };
		E09B9BD72225E69100DCD99E /* HomeVC.swift in Sources */ = {isa = PBXBuildFile; fileRef = E09B9BD62225E69100DCD99E /* HomeVC.swift */; };
		E09B9BD92225E6AC00DCD99E /* ExploreVC.swift in Sources */ = {isa = PBXBuildFile; fileRef = E09B9BD82225E6AC00DCD99E /* ExploreVC.swift */; };
		E09B9BDB2225E6C300DCD99E /* StatsVC.swift in Sources */ = {isa = PBXBuildFile; fileRef = E09B9BDA2225E6C300DCD99E /* StatsVC.swift */; };
		E09B9BDD2225E6D800DCD99E /* ProfileVC.swift in Sources */ = {isa = PBXBuildFile; fileRef = E09B9BDC2225E6D800DCD99E /* ProfileVC.swift */; };
		E09B9BDF22267C6700DCD99E /* WorkoutPlanVC.swift in Sources */ = {isa = PBXBuildFile; fileRef = E09B9BDE22267C6700DCD99E /* WorkoutPlanVC.swift */; };
		E09B9BE122267C7800DCD99E /* ActivityVC.swift in Sources */ = {isa = PBXBuildFile; fileRef = E09B9BE022267C7800DCD99E /* ActivityVC.swift */; };
		E09B9BE322267C8C00DCD99E /* MealVC.swift in Sources */ = {isa = PBXBuildFile; fileRef = E09B9BE222267C8C00DCD99E /* MealVC.swift */; };
		E09B9BE5222682EF00DCD99E /* SelectPlanVC.swift in Sources */ = {isa = PBXBuildFile; fileRef = E09B9BE4222682EF00DCD99E /* SelectPlanVC.swift */; };
		E09B9BE72226830800DCD99E /* PlanDetailVC.swift in Sources */ = {isa = PBXBuildFile; fileRef = E09B9BE62226830800DCD99E /* PlanDetailVC.swift */; };
		E09B9BEB2227098D00DCD99E /* ExerciseCellTableViewCell.swift in Sources */ = {isa = PBXBuildFile; fileRef = E09B9BE92227098D00DCD99E /* ExerciseCellTableViewCell.swift */; };
		E09B9BEC2227098D00DCD99E /* ExerciseCellTableViewCell.xib in Resources */ = {isa = PBXBuildFile; fileRef = E09B9BEA2227098D00DCD99E /* ExerciseCellTableViewCell.xib */; };
		E0FA3170222BB7CF003EAF3C /* scoreCell.swift in Sources */ = {isa = PBXBuildFile; fileRef = E0FA316E222BB7CF003EAF3C /* scoreCell.swift */; };
		E0FA3171222BB7CF003EAF3C /* scoreCell.xib in Resources */ = {isa = PBXBuildFile; fileRef = E0FA316F222BB7CF003EAF3C /* scoreCell.xib */; };
		E0FA3173222BC93F003EAF3C /* questionairreVC.swift in Sources */ = {isa = PBXBuildFile; fileRef = E0FA3172222BC93F003EAF3C /* questionairreVC.swift */; };
		E0FA3175222BD65E003EAF3C /* sleepVC.swift in Sources */ = {isa = PBXBuildFile; fileRef = E0FA3174222BD65E003EAF3C /* sleepVC.swift */; };
/* End PBXBuildFile section */

/* Begin PBXFileReference section */
		E04A4221222A476C004BB29C /* RewardsVC.swift */ = {isa = PBXFileReference; lastKnownFileType = sourcecode.swift; path = RewardsVC.swift; sourceTree = "<group>"; };
		E04A4223222A9EF8004BB29C /* gameVC.swift */ = {isa = PBXFileReference; lastKnownFileType = sourcecode.swift; path = gameVC.swift; sourceTree = "<group>"; };
		E04A4225222AFC2B004BB29C /* diaryVC.swift */ = {isa = PBXFileReference; lastKnownFileType = sourcecode.swift; path = diaryVC.swift; sourceTree = "<group>"; };
		E04A4228222B2CE4004BB29C /* communitiesVC.swift */ = {isa = PBXFileReference; lastKnownFileType = sourcecode.swift; path = communitiesVC.swift; sourceTree = "<group>"; };
		E04A422A222B9412004BB29C /* LeaderboardVC.swift */ = {isa = PBXFileReference; lastKnownFileType = sourcecode.swift; path = LeaderboardVC.swift; sourceTree = "<group>"; };
		E075D9F32227E74800243BB8 /* workoutSummaryVC.swift */ = {isa = PBXFileReference; lastKnownFileType = sourcecode.swift; path = workoutSummaryVC.swift; sourceTree = "<group>"; };
		E075D9F62228236400243BB8 /* MapKit.framework */ = {isa = PBXFileReference; lastKnownFileType = wrapper.framework; name = MapKit.framework; path = System/Library/Frameworks/MapKit.framework; sourceTree = SDKROOT; };
		E075D9F82228242B00243BB8 /* CoreLocation.framework */ = {isa = PBXFileReference; lastKnownFileType = wrapper.framework; name = CoreLocation.framework; path = System/Library/Frameworks/CoreLocation.framework; sourceTree = SDKROOT; };
		E09B9BBD2225E47300DCD99E /* livFit.app */ = {isa = PBXFileReference; explicitFileType = wrapper.application; includeInIndex = 0; path = livFit.app; sourceTree = BUILT_PRODUCTS_DIR; };
		E09B9BC02225E47300DCD99E /* AppDelegate.swift */ = {isa = PBXFileReference; lastKnownFileType = sourcecode.swift; path = AppDelegate.swift; sourceTree = "<group>"; };
		E09B9BC22225E47300DCD99E /* ViewController.swift */ = {isa = PBXFileReference; lastKnownFileType = sourcecode.swift; path = ViewController.swift; sourceTree = "<group>"; };
		E09B9BC52225E47300DCD99E /* Base */ = {isa = PBXFileReference; lastKnownFileType = file.storyboard; name = Base; path = Base.lproj/Main.storyboard; sourceTree = "<group>"; };
		E09B9BC82225E47300DCD99E /* livFit.xcdatamodel */ = {isa = PBXFileReference; lastKnownFileType = wrapper.xcdatamodel; path = livFit.xcdatamodel; sourceTree = "<group>"; };
		E09B9BCA2225E47400DCD99E /* Assets.xcassets */ = {isa = PBXFileReference; lastKnownFileType = folder.assetcatalog; path = Assets.xcassets; sourceTree = "<group>"; };
		E09B9BCD2225E47400DCD99E /* Base */ = {isa = PBXFileReference; lastKnownFileType = file.storyboard; name = Base; path = Base.lproj/LaunchScreen.storyboard; sourceTree = "<group>"; };
		E09B9BCF2225E47400DCD99E /* Info.plist */ = {isa = PBXFileReference; lastKnownFileType = text.plist.xml; path = Info.plist; sourceTree = "<group>"; };
		E09B9BD62225E69100DCD99E /* HomeVC.swift */ = {isa = PBXFileReference; lastKnownFileType = sourcecode.swift; path = HomeVC.swift; sourceTree = "<group>"; };
		E09B9BD82225E6AC00DCD99E /* ExploreVC.swift */ = {isa = PBXFileReference; lastKnownFileType = sourcecode.swift; path = ExploreVC.swift; sourceTree = "<group>"; };
		E09B9BDA2225E6C300DCD99E /* StatsVC.swift */ = {isa = PBXFileReference; lastKnownFileType = sourcecode.swift; path = StatsVC.swift; sourceTree = "<group>"; };
		E09B9BDC2225E6D800DCD99E /* ProfileVC.swift */ = {isa = PBXFileReference; lastKnownFileType = sourcecode.swift; path = ProfileVC.swift; sourceTree = "<group>"; };
		E09B9BDE22267C6700DCD99E /* WorkoutPlanVC.swift */ = {isa = PBXFileReference; lastKnownFileType = sourcecode.swift; path = WorkoutPlanVC.swift; sourceTree = "<group>"; };
		E09B9BE022267C7800DCD99E /* ActivityVC.swift */ = {isa = PBXFileReference; lastKnownFileType = sourcecode.swift; path = ActivityVC.swift; sourceTree = "<group>"; };
		E09B9BE222267C8C00DCD99E /* MealVC.swift */ = {isa = PBXFileReference; lastKnownFileType = sourcecode.swift; path = MealVC.swift; sourceTree = "<group>"; };
		E09B9BE4222682EF00DCD99E /* SelectPlanVC.swift */ = {isa = PBXFileReference; lastKnownFileType = sourcecode.swift; path = SelectPlanVC.swift; sourceTree = "<group>"; };
		E09B9BE62226830800DCD99E /* PlanDetailVC.swift */ = {isa = PBXFileReference; lastKnownFileType = sourcecode.swift; path = PlanDetailVC.swift; sourceTree = "<group>"; };
		E09B9BE92227098D00DCD99E /* ExerciseCellTableViewCell.swift */ = {isa = PBXFileReference; lastKnownFileType = sourcecode.swift; path = ExerciseCellTableViewCell.swift; sourceTree = "<group>"; };
		E09B9BEA2227098D00DCD99E /* ExerciseCellTableViewCell.xib */ = {isa = PBXFileReference; lastKnownFileType = file.xib; path = ExerciseCellTableViewCell.xib; sourceTree = "<group>"; };
		E0FA316E222BB7CF003EAF3C /* scoreCell.swift */ = {isa = PBXFileReference; lastKnownFileType = sourcecode.swift; path = scoreCell.swift; sourceTree = "<group>"; };
		E0FA316F222BB7CF003EAF3C /* scoreCell.xib */ = {isa = PBXFileReference; lastKnownFileType = file.xib; path = scoreCell.xib; sourceTree = "<group>"; };
		E0FA3172222BC93F003EAF3C /* questionairreVC.swift */ = {isa = PBXFileReference; lastKnownFileType = sourcecode.swift; path = questionairreVC.swift; sourceTree = "<group>"; };
		E0FA3174222BD65E003EAF3C /* sleepVC.swift */ = {isa = PBXFileReference; lastKnownFileType = sourcecode.swift; path = sleepVC.swift; sourceTree = "<group>"; };
/* End PBXFileReference section */

/* Begin PBXFrameworksBuildPhase section */
		E09B9BBA2225E47300DCD99E /* Frameworks */ = {
			isa = PBXFrameworksBuildPhase;
			buildActionMask = 2147483647;
			files = (
				E075D9F92228242B00243BB8 /* CoreLocation.framework in Frameworks */,
				E075D9F72228236400243BB8 /* MapKit.framework in Frameworks */,
			);
			runOnlyForDeploymentPostprocessing = 0;
		};
/* End PBXFrameworksBuildPhase section */

/* Begin PBXGroup section */
		E04A4227222B2C81004BB29C /* feed */ = {
			isa = PBXGroup;
			children = (
				E09B9BD82225E6AC00DCD99E /* ExploreVC.swift */,
				E04A4228222B2CE4004BB29C /* communitiesVC.swift */,
			);
			path = feed;
			sourceTree = "<group>";
		};
		E075D9F12227E6E600243BB8 /* workout */ = {
			isa = PBXGroup;
			children = (
				E09B9BE4222682EF00DCD99E /* SelectPlanVC.swift */,
				E09B9BE62226830800DCD99E /* PlanDetailVC.swift */,
				E09B9BDE22267C6700DCD99E /* WorkoutPlanVC.swift */,
			);
			path = workout;
			sourceTree = "<group>";
		};
		E075D9F22227E70D00243BB8 /* Activity */ = {
			isa = PBXGroup;
			children = (
				E09B9BE022267C7800DCD99E /* ActivityVC.swift */,
				E075D9F32227E74800243BB8 /* workoutSummaryVC.swift */,
				E04A4223222A9EF8004BB29C /* gameVC.swift */,
			);
			path = Activity;
			sourceTree = "<group>";
		};
		E075D9F52228236400243BB8 /* Frameworks */ = {
			isa = PBXGroup;
			children = (
				E075D9F82228242B00243BB8 /* CoreLocation.framework */,
				E075D9F62228236400243BB8 /* MapKit.framework */,
			);
			name = Frameworks;
			sourceTree = "<group>";
		};
		E09B9BB42225E47300DCD99E = {
			isa = PBXGroup;
			children = (
				E09B9BBF2225E47300DCD99E /* livFit */,
				E09B9BBE2225E47300DCD99E /* Products */,
				E075D9F52228236400243BB8 /* Frameworks */,
			);
			sourceTree = "<group>";
		};
		E09B9BBE2225E47300DCD99E /* Products */ = {
			isa = PBXGroup;
			children = (
				E09B9BBD2225E47300DCD99E /* livFit.app */,
			);
			name = Products;
			sourceTree = "<group>";
		};
		E09B9BBF2225E47300DCD99E /* livFit */ = {
			isa = PBXGroup;
			children = (
				E09B9BE82227094400DCD99E /* TableViewCells */,
				E09B9BD52225E64A00DCD99E /* View Controller */,
				E09B9BC02225E47300DCD99E /* AppDelegate.swift */,
				E09B9BC22225E47300DCD99E /* ViewController.swift */,
				E09B9BC42225E47300DCD99E /* Main.storyboard */,
				E09B9BCA2225E47400DCD99E /* Assets.xcassets */,
				E09B9BCC2225E47400DCD99E /* LaunchScreen.storyboard */,
				E09B9BCF2225E47400DCD99E /* Info.plist */,
				E09B9BC72225E47300DCD99E /* livFit.xcdatamodeld */,
				E0FA3172222BC93F003EAF3C /* questionairreVC.swift */,
				E0FA3174222BD65E003EAF3C /* sleepVC.swift */,
			);
			path = livFit;
			sourceTree = "<group>";
		};
		E09B9BD52225E64A00DCD99E /* View Controller */ = {
			isa = PBXGroup;
			children = (
				E04A4227222B2C81004BB29C /* feed */,
				E075D9F22227E70D00243BB8 /* Activity */,
				E075D9F12227E6E600243BB8 /* workout */,
				E09B9BD62225E69100DCD99E /* HomeVC.swift */,
				E04A4225222AFC2B004BB29C /* diaryVC.swift */,
				E09B9BDA2225E6C300DCD99E /* StatsVC.swift */,
				E09B9BDC2225E6D800DCD99E /* ProfileVC.swift */,
				E09B9BE222267C8C00DCD99E /* MealVC.swift */,
				E04A4221222A476C004BB29C /* RewardsVC.swift */,
				E04A422A222B9412004BB29C /* LeaderboardVC.swift */,
			);
			path = "View Controller";
			sourceTree = "<group>";
		};
		E09B9BE82227094400DCD99E /* TableViewCells */ = {
			isa = PBXGroup;
			children = (
				E09B9BE92227098D00DCD99E /* ExerciseCellTableViewCell.swift */,
				E09B9BEA2227098D00DCD99E /* ExerciseCellTableViewCell.xib */,
				E0FA316E222BB7CF003EAF3C /* scoreCell.swift */,
				E0FA316F222BB7CF003EAF3C /* scoreCell.xib */,
			);
			path = TableViewCells;
			sourceTree = "<group>";
		};
/* End PBXGroup section */

/* Begin PBXNativeTarget section */
		E09B9BBC2225E47300DCD99E /* livFit */ = {
			isa = PBXNativeTarget;
			buildConfigurationList = E09B9BD22225E47400DCD99E /* Build configuration list for PBXNativeTarget "livFit" */;
			buildPhases = (
				E09B9BB92225E47300DCD99E /* Sources */,
				E09B9BBA2225E47300DCD99E /* Frameworks */,
				E09B9BBB2225E47300DCD99E /* Resources */,
			);
			buildRules = (
			);
			dependencies = (
			);
			name = livFit;
			productName = livFit;
			productReference = E09B9BBD2225E47300DCD99E /* livFit.app */;
			productType = "com.apple.product-type.application";
		};
/* End PBXNativeTarget section */

/* Begin PBXProject section */
		E09B9BB52225E47300DCD99E /* Project object */ = {
			isa = PBXProject;
			attributes = {
				LastSwiftUpdateCheck = 1010;
				LastUpgradeCheck = 1010;
				ORGANIZATIONNAME = coded;
				TargetAttributes = {
					E09B9BBC2225E47300DCD99E = {
						CreatedOnToolsVersion = 10.1;
						SystemCapabilities = {
							com.apple.Maps.iOS = {
								enabled = 1;
							};
						};
					};
				};
			};
			buildConfigurationList = E09B9BB82225E47300DCD99E /* Build configuration list for PBXProject "livFit" */;
			compatibilityVersion = "Xcode 9.3";
			developmentRegion = en;
			hasScannedForEncodings = 0;
			knownRegions = (
				en,
				Base,
			);
			mainGroup = E09B9BB42225E47300DCD99E;
			productRefGroup = E09B9BBE2225E47300DCD99E /* Products */;
			projectDirPath = "";
			projectRoot = "";
			targets = (
				E09B9BBC2225E47300DCD99E /* livFit */,
			);
		};
/* End PBXProject section */

/* Begin PBXResourcesBuildPhase section */
		E09B9BBB2225E47300DCD99E /* Resources */ = {
			isa = PBXResourcesBuildPhase;
			buildActionMask = 2147483647;
			files = (
				E09B9BCE2225E47400DCD99E /* LaunchScreen.storyboard in Resources */,
				E09B9BEC2227098D00DCD99E /* ExerciseCellTableViewCell.xib in Resources */,
				E0FA3171222BB7CF003EAF3C /* scoreCell.xib in Resources */,
				E09B9BCB2225E47400DCD99E /* Assets.xcassets in Resources */,
				E09B9BC62225E47300DCD99E /* Main.storyboard in Resources */,
			);
			runOnlyForDeploymentPostprocessing = 0;
		};
/* End PBXResourcesBuildPhase section */

/* Begin PBXSourcesBuildPhase section */
		E09B9BB92225E47300DCD99E /* Sources */ = {
			isa = PBXSourcesBuildPhase;
			buildActionMask = 2147483647;
			files = (
				E04A4226222AFC2B004BB29C /* diaryVC.swift in Sources */,
				E09B9BC32225E47300DCD99E /* ViewController.swift in Sources */,
				E075D9F42227E74800243BB8 /* workoutSummaryVC.swift in Sources */,
				E09B9BD72225E69100DCD99E /* HomeVC.swift in Sources */,
				E09B9BE5222682EF00DCD99E /* SelectPlanVC.swift in Sources */,
				E09B9BDD2225E6D800DCD99E /* ProfileVC.swift in Sources */,
				E0FA3175222BD65E003EAF3C /* sleepVC.swift in Sources */,
				E0FA3170222BB7CF003EAF3C /* scoreCell.swift in Sources */,
				E09B9BE122267C7800DCD99E /* ActivityVC.swift in Sources */,
				E09B9BDB2225E6C300DCD99E /* StatsVC.swift in Sources */,
				E09B9BD92225E6AC00DCD99E /* ExploreVC.swift in Sources */,
				E04A422B222B9412004BB29C /* LeaderboardVC.swift in Sources */,
				E09B9BEB2227098D00DCD99E /* ExerciseCellTableViewCell.swift in Sources */,
				E09B9BDF22267C6700DCD99E /* WorkoutPlanVC.swift in Sources */,
				E0FA3173222BC93F003EAF3C /* questionairreVC.swift in Sources */,
				E04A4224222A9EF8004BB29C /* gameVC.swift in Sources */,
				E09B9BE72226830800DCD99E /* PlanDetailVC.swift in Sources */,
				E09B9BC92225E47300DCD99E /* livFit.xcdatamodeld in Sources */,
				E04A4229222B2CE4004BB29C /* communitiesVC.swift in Sources */,
				E09B9BC12225E47300DCD99E /* AppDelegate.swift in Sources */,
				E09B9BE322267C8C00DCD99E /* MealVC.swift in Sources */,
				E04A4222222A476C004BB29C /* RewardsVC.swift in Sources */,
			);
			runOnlyForDeploymentPostprocessing = 0;
		};
/* End PBXSourcesBuildPhase section */

/* Begin PBXVariantGroup section */
		E09B9BC42225E47300DCD99E /* Main.storyboard */ = {
			isa = PBXVariantGroup;
			children = (
				E09B9BC52225E47300DCD99E /* Base */,
			);
			name = Main.storyboard;
			sourceTree = "<group>";
		};
		E09B9BCC2225E47400DCD99E /* LaunchScreen.storyboard */ = {
			isa = PBXVariantGroup;
			children = (
				E09B9BCD2225E47400DCD99E /* Base */,
			);
			name = LaunchScreen.storyboard;
			sourceTree = "<group>";
		};
/* End PBXVariantGroup section */

/* Begin XCBuildConfiguration section */
		E09B9BD02225E47400DCD99E /* Debug */ = {
			isa = XCBuildConfiguration;
			buildSettings = {
				ALWAYS_SEARCH_USER_PATHS = NO;
				CLANG_ANALYZER_NONNULL = YES;
				CLANG_ANALYZER_NUMBER_OBJECT_CONVERSION = YES_AGGRESSIVE;
				CLANG_CXX_LANGUAGE_STANDARD = "gnu++14";
				CLANG_CXX_LIBRARY = "libc++";
				CLANG_ENABLE_MODULES = YES;
				CLANG_ENABLE_OBJC_ARC = YES;
				CLANG_ENABLE_OBJC_WEAK = YES;
				CLANG_WARN_BLOCK_CAPTURE_AUTORELEASING = YES;
				CLANG_WARN_BOOL_CONVERSION = YES;
				CLANG_WARN_COMMA = YES;
				CLANG_WARN_CONSTANT_CONVERSION = YES;
				CLANG_WARN_DEPRECATED_OBJC_IMPLEMENTATIONS = YES;
				CLANG_WARN_DIRECT_OBJC_ISA_USAGE = YES_ERROR;
				CLANG_WARN_DOCUMENTATION_COMMENTS = YES;
				CLANG_WARN_EMPTY_BODY = YES;
				CLANG_WARN_ENUM_CONVERSION = YES;
				CLANG_WARN_INFINITE_RECURSION = YES;
				CLANG_WARN_INT_CONVERSION = YES;
				CLANG_WARN_NON_LITERAL_NULL_CONVERSION = YES;
				CLANG_WARN_OBJC_IMPLICIT_RETAIN_SELF = YES;
				CLANG_WARN_OBJC_LITERAL_CONVERSION = YES;
				CLANG_WARN_OBJC_ROOT_CLASS = YES_ERROR;
				CLANG_WARN_RANGE_LOOP_ANALYSIS = YES;
				CLANG_WARN_STRICT_PROTOTYPES = YES;
				CLANG_WARN_SUSPICIOUS_MOVE = YES;
				CLANG_WARN_UNGUARDED_AVAILABILITY = YES_AGGRESSIVE;
				CLANG_WARN_UNREACHABLE_CODE = YES;
				CLANG_WARN__DUPLICATE_METHOD_MATCH = YES;
				CODE_SIGN_IDENTITY = "iPhone Developer";
				COPY_PHASE_STRIP = NO;
				DEBUG_INFORMATION_FORMAT = dwarf;
				ENABLE_STRICT_OBJC_MSGSEND = YES;
				ENABLE_TESTABILITY = YES;
				GCC_C_LANGUAGE_STANDARD = gnu11;
				GCC_DYNAMIC_NO_PIC = NO;
				GCC_NO_COMMON_BLOCKS = YES;
				GCC_OPTIMIZATION_LEVEL = 0;
				GCC_PREPROCESSOR_DEFINITIONS = (
					"DEBUG=1",
					"$(inherited)",
				);
				GCC_WARN_64_TO_32_BIT_CONVERSION = YES;
				GCC_WARN_ABOUT_RETURN_TYPE = YES_ERROR;
				GCC_WARN_UNDECLARED_SELECTOR = YES;
				GCC_WARN_UNINITIALIZED_AUTOS = YES_AGGRESSIVE;
				GCC_WARN_UNUSED_FUNCTION = YES;
				GCC_WARN_UNUSED_VARIABLE = YES;
				IPHONEOS_DEPLOYMENT_TARGET = 12.1;
				MTL_ENABLE_DEBUG_INFO = INCLUDE_SOURCE;
				MTL_FAST_MATH = YES;
				ONLY_ACTIVE_ARCH = YES;
				SDKROOT = iphoneos;
				SWIFT_ACTIVE_COMPILATION_CONDITIONS = DEBUG;
				SWIFT_OPTIMIZATION_LEVEL = "-Onone";
			};
			name = Debug;
		};
		E09B9BD12225E47400DCD99E /* Release */ = {
			isa = XCBuildConfiguration;
			buildSettings = {
				ALWAYS_SEARCH_USER_PATHS = NO;
				CLANG_ANALYZER_NONNULL = YES;
				CLANG_ANALYZER_NUMBER_OBJECT_CONVERSION = YES_AGGRESSIVE;
				CLANG_CXX_LANGUAGE_STANDARD = "gnu++14";
				CLANG_CXX_LIBRARY = "libc++";
				CLANG_ENABLE_MODULES = YES;
				CLANG_ENABLE_OBJC_ARC = YES;
				CLANG_ENABLE_OBJC_WEAK = YES;
				CLANG_WARN_BLOCK_CAPTURE_AUTORELEASING = YES;
				CLANG_WARN_BOOL_CONVERSION = YES;
				CLANG_WARN_COMMA = YES;
				CLANG_WARN_CONSTANT_CONVERSION = YES;
				CLANG_WARN_DEPRECATED_OBJC_IMPLEMENTATIONS = YES;
				CLANG_WARN_DIRECT_OBJC_ISA_USAGE = YES_ERROR;
				CLANG_WARN_DOCUMENTATION_COMMENTS = YES;
				CLANG_WARN_EMPTY_BODY = YES;
				CLANG_WARN_ENUM_CONVERSION = YES;
				CLANG_WARN_INFINITE_RECURSION = YES;
				CLANG_WARN_INT_CONVERSION = YES;
				CLANG_WARN_NON_LITERAL_NULL_CONVERSION = YES;
				CLANG_WARN_OBJC_IMPLICIT_RETAIN_SELF = YES;
				CLANG_WARN_OBJC_LITERAL_CONVERSION = YES;
				CLANG_WARN_OBJC_ROOT_CLASS = YES_ERROR;
				CLANG_WARN_RANGE_LOOP_ANALYSIS = YES;
				CLANG_WARN_STRICT_PROTOTYPES = YES;
				CLANG_WARN_SUSPICIOUS_MOVE = YES;
				CLANG_WARN_UNGUARDED_AVAILABILITY = YES_AGGRESSIVE;
				CLANG_WARN_UNREACHABLE_CODE = YES;
				CLANG_WARN__DUPLICATE_METHOD_MATCH = YES;
				CODE_SIGN_IDENTITY = "iPhone Developer";
				COPY_PHASE_STRIP = NO;
				DEBUG_INFORMATION_FORMAT = "dwarf-with-dsym";
				ENABLE_NS_ASSERTIONS = NO;
				ENABLE_STRICT_OBJC_MSGSEND = YES;
				GCC_C_LANGUAGE_STANDARD = gnu11;
				GCC_NO_COMMON_BLOCKS = YES;
				GCC_WARN_64_TO_32_BIT_CONVERSION = YES;
				GCC_WARN_ABOUT_RETURN_TYPE = YES_ERROR;
				GCC_WARN_UNDECLARED_SELECTOR = YES;
				GCC_WARN_UNINITIALIZED_AUTOS = YES_AGGRESSIVE;
				GCC_WARN_UNUSED_FUNCTION = YES;
				GCC_WARN_UNUSED_VARIABLE = YES;
				IPHONEOS_DEPLOYMENT_TARGET = 12.1;
				MTL_ENABLE_DEBUG_INFO = NO;
				MTL_FAST_MATH = YES;
				SDKROOT = iphoneos;
				SWIFT_COMPILATION_MODE = wholemodule;
				SWIFT_OPTIMIZATION_LEVEL = "-O";
				VALIDATE_PRODUCT = YES;
			};
			name = Release;
		};
		E09B9BD32225E47400DCD99E /* Debug */ = {
			isa = XCBuildConfiguration;
			buildSettings = {
				ASSETCATALOG_COMPILER_APPICON_NAME = AppIcon;
				CODE_SIGN_STYLE = Automatic;
				DEVELOPMENT_TEAM = J32C9YHJ44;
				INFOPLIST_FILE = livFit/Info.plist;
				LD_RUNPATH_SEARCH_PATHS = (
					"$(inherited)",
					"@executable_path/Frameworks",
				);
				PRODUCT_BUNDLE_IDENTIFIER = coded.livFit;
				PRODUCT_NAME = "$(TARGET_NAME)";
				SWIFT_VERSION = 4.2;
				TARGETED_DEVICE_FAMILY = "1,2";
			};
			name = Debug;
		};
		E09B9BD42225E47400DCD99E /* Release */ = {
			isa = XCBuildConfiguration;
			buildSettings = {
				ASSETCATALOG_COMPILER_APPICON_NAME = AppIcon;
				CODE_SIGN_STYLE = Automatic;
				DEVELOPMENT_TEAM = J32C9YHJ44;
				INFOPLIST_FILE = livFit/Info.plist;
				LD_RUNPATH_SEARCH_PATHS = (
					"$(inherited)",
					"@executable_path/Frameworks",
				);
				PRODUCT_BUNDLE_IDENTIFIER = coded.livFit;
				PRODUCT_NAME = "$(TARGET_NAME)";
				SWIFT_VERSION = 4.2;
				TARGETED_DEVICE_FAMILY = "1,2";
			};
			name = Release;
		};
/* End XCBuildConfiguration section */

/* Begin XCConfigurationList section */
		E09B9BB82225E47300DCD99E /* Build configuration list for PBXProject "livFit" */ = {
			isa = XCConfigurationList;
			buildConfigurations = (
				E09B9BD02225E47400DCD99E /* Debug */,
				E09B9BD12225E47400DCD99E /* Release */,
			);
			defaultConfigurationIsVisible = 0;
			defaultConfigurationName = Release;
		};
		E09B9BD22225E47400DCD99E /* Build configuration list for PBXNativeTarget "livFit" */ = {
			isa = XCConfigurationList;
			buildConfigurations = (
				E09B9BD32225E47400DCD99E /* Debug */,
				E09B9BD42225E47400DCD99E /* Release */,
			);
			defaultConfigurationIsVisible = 0;
			defaultConfigurationName = Release;
		};
/* End XCConfigurationList section */

/* Begin XCVersionGroup section */
		E09B9BC72225E47300DCD99E /* livFit.xcdatamodeld */ = {
			isa = XCVersionGroup;
			children = (
				E09B9BC82225E47300DCD99E /* livFit.xcdatamodel */,
			);
			currentVersion = E09B9BC82225E47300DCD99E /* livFit.xcdatamodel */;
			path = livFit.xcdatamodeld;
			sourceTree = "<group>";
			versionGroupType = wrapper.xcdatamodel;
		};
/* End XCVersionGroup section */
	};
	rootObject = E09B9BB52225E47300DCD99E /* Project object */;
}
